schema: '2.0'
stages:
  process_data:
    cmd: python run.py
    deps:
    - path: data/input/
      hash: md5
      md5: b53d0d6f4dc7e22d57b0e0f0a1bb8417.dir
      size: 181279
      nfiles: 5
    - path: run.py
      hash: md5
      md5: 81c608060f3fd9654cfad20fe8ea2fa6
      size: 2415
    outs:
    - path: data/output/
      hash: md5
      md5: bb1c963369257e78be884c166cc0493d.dir
      size: 2887
      nfiles: 4
